// !$*UTF8*$!
{
	archiveVersion = 1;
	classes = {
	};
	objectVersion = 50;
	objects = {

/* Begin PBXBuildFile section */
		3D0EF4A425698ECC007B526E /* AppDelegate.swift in Sources */ = {isa = PBXBuildFile; fileRef = 3D0EF4A325698ECC007B526E /* AppDelegate.swift */; };
		3D0EF4A625698ECC007B526E /* ContentView.swift in Sources */ = {isa = PBXBuildFile; fileRef = 3D0EF4A525698ECC007B526E /* ContentView.swift */; };
		3D0EF4B82569951F007B526E /* WebKit.framework in Frameworks */ = {isa = PBXBuildFile; fileRef = 3D0EF4B72569951F007B526E /* WebKit.framework */; };
		3D3E0268256B5212003261B0 /* GCDWebServers.framework in Frameworks */ = {isa = PBXBuildFile; fileRef = 3D908432256B4DB0008B6E24 /* GCDWebServers.framework */; };
		3D3E0269256B5212003261B0 /* GCDWebServers.framework in Embed Frameworks */ = {isa = PBXBuildFile; fileRef = 3D908432256B4DB0008B6E24 /* GCDWebServers.framework */; settings = {ATTRIBUTES = (CodeSignOnCopy, RemoveHeadersOnCopy, ); }; };
		3D3E026E256C1D91003261B0 /* WebViewDownloadHelper.swift in Sources */ = {isa = PBXBuildFile; fileRef = 3D3E026D256C1D91003261B0 /* WebViewDownloadHelper.swift */; };
		3D5000CD25699A2F006272BC /* WebViewStore.swift in Sources */ = {isa = PBXBuildFile; fileRef = 3D5000C925699A2F006272BC /* WebViewStore.swift */; };
		3D5000CE25699A2F006272BC /* WebView.swift in Sources */ = {isa = PBXBuildFile; fileRef = 3D5000CA25699A2F006272BC /* WebView.swift */; };
		3D5000CF25699A2F006272BC /* UIViewContainerView.swift in Sources */ = {isa = PBXBuildFile; fileRef = 3D5000CB25699A2F006272BC /* UIViewContainerView.swift */; };
		3D5000D025699A2F006272BC /* NSViewContainerView.swift in Sources */ = {isa = PBXBuildFile; fileRef = 3D5000CC25699A2F006272BC /* NSViewContainerView.swift */; };
		3D5009AF2569C278006272BC /* Main.storyboard in Resources */ = {isa = PBXBuildFile; fileRef = 3D0EF4AC25698ECE007B526E /* Main.storyboard */; };
		3D5009B22569C27C006272BC /* Assets.xcassets in Resources */ = {isa = PBXBuildFile; fileRef = 3D0EF4A725698ECE007B526E /* Assets.xcassets */; };
		E2834E22256DA4B2007855DC /* vm in Resources */ = {isa = PBXBuildFile; fileRef = E2834E21256DA4B1007855DC /* vm */; };
/* End PBXBuildFile section */

/* Begin PBXContainerItemProxy section */
		3D90842B256B4DB0008B6E24 /* PBXContainerItemProxy */ = {
			isa = PBXContainerItemProxy;
			containerPortal = 3D908420256B4DB0008B6E24 /* GCDWebServer.xcodeproj */;
			proxyType = 2;
			remoteGlobalIDString = 8DD76FB20486AB0100D96B5E;
			remoteInfo = "GCDWebServer (Mac)";
		};
		3D90842D256B4DB0008B6E24 /* PBXContainerItemProxy */ = {
			isa = PBXContainerItemProxy;
			containerPortal = 3D908420256B4DB0008B6E24 /* GCDWebServer.xcodeproj */;
			proxyType = 2;
			remoteGlobalIDString = E2DDD1F61BE69EE4002CE867;
			remoteInfo = "GCDWebServer (iOS)";
		};
		3D908431256B4DB0008B6E24 /* PBXContainerItemProxy */ = {
			isa = PBXContainerItemProxy;
			containerPortal = 3D908420256B4DB0008B6E24 /* GCDWebServer.xcodeproj */;
			proxyType = 2;
			remoteGlobalIDString = CEE28CD11AE004D800F4023C;
			remoteInfo = "GCDWebServers (Mac)";
		};
		3D908433256B4DB0008B6E24 /* PBXContainerItemProxy */ = {
			isa = PBXContainerItemProxy;
			containerPortal = 3D908420256B4DB0008B6E24 /* GCDWebServer.xcodeproj */;
			proxyType = 2;
			remoteGlobalIDString = CEE28CEF1AE0051F00F4023C;
			remoteInfo = "GCDWebServers (iOS)";
		};
		3D908437256B4DB0008B6E24 /* PBXContainerItemProxy */ = {
			isa = PBXContainerItemProxy;
			containerPortal = 3D908420256B4DB0008B6E24 /* GCDWebServer.xcodeproj */;
			proxyType = 2;
			remoteGlobalIDString = E24039251BA09207000B7089;
			remoteInfo = "Tests (Mac)";
		};
		3D90844D256B4E25008B6E24 /* PBXContainerItemProxy */ = {
			isa = PBXContainerItemProxy;
			containerPortal = 3D908420256B4DB0008B6E24 /* GCDWebServer.xcodeproj */;
			proxyType = 1;
			remoteGlobalIDString = CEE28CD01AE004D800F4023C;
			remoteInfo = "GCDWebServers (Mac)";
		};
/* End PBXContainerItemProxy section */

/* Begin PBXCopyFilesBuildPhase section */
		3D3E026A256B5212003261B0 /* Embed Frameworks */ = {
			isa = PBXCopyFilesBuildPhase;
			buildActionMask = 2147483647;
			dstPath = "";
			dstSubfolderSpec = 10;
			files = (
				3D3E0269256B5212003261B0 /* GCDWebServers.framework in Embed Frameworks */,
			);
			name = "Embed Frameworks";
			runOnlyForDeploymentPostprocessing = 0;
		};
/* End PBXCopyFilesBuildPhase section */

/* Begin PBXFileReference section */
		3D0EF49425698D12007B526E /* libNewspeak.dylib */ = {isa = PBXFileReference; explicitFileType = "compiled.mach-o.dylib"; includeInIndex = 0; path = libNewspeak.dylib; sourceTree = BUILT_PRODUCTS_DIR; };
		3D0EF4A125698ECC007B526E /* Hopscotch.app */ = {isa = PBXFileReference; explicitFileType = wrapper.application; includeInIndex = 0; path = Hopscotch.app; sourceTree = BUILT_PRODUCTS_DIR; };
		3D0EF4A325698ECC007B526E /* AppDelegate.swift */ = {isa = PBXFileReference; lastKnownFileType = sourcecode.swift; path = AppDelegate.swift; sourceTree = "<group>"; };
		3D0EF4A525698ECC007B526E /* ContentView.swift */ = {isa = PBXFileReference; lastKnownFileType = sourcecode.swift; path = ContentView.swift; sourceTree = "<group>"; };
		3D0EF4A725698ECE007B526E /* Assets.xcassets */ = {isa = PBXFileReference; lastKnownFileType = folder.assetcatalog; path = Assets.xcassets; sourceTree = "<group>"; };
		3D0EF4AD25698ECE007B526E /* Base */ = {isa = PBXFileReference; lastKnownFileType = file.storyboard; name = Base; path = Base.lproj/Main.storyboard; sourceTree = "<group>"; };
		3D0EF4AF25698ECE007B526E /* Info.plist */ = {isa = PBXFileReference; lastKnownFileType = text.plist.xml; path = Info.plist; sourceTree = "<group>"; };
		3D0EF4B025698ECE007B526E /* Hopscotch.entitlements */ = {isa = PBXFileReference; lastKnownFileType = text.plist.entitlements; path = Hopscotch.entitlements; sourceTree = "<group>"; };
		3D0EF4B72569951F007B526E /* WebKit.framework */ = {isa = PBXFileReference; lastKnownFileType = wrapper.framework; name = WebKit.framework; path = System/Library/Frameworks/WebKit.framework; sourceTree = SDKROOT; };
		3D3E026D256C1D91003261B0 /* WebViewDownloadHelper.swift */ = {isa = PBXFileReference; lastKnownFileType = sourcecode.swift; path = WebViewDownloadHelper.swift; sourceTree = "<group>"; };
		3D5000C925699A2F006272BC /* WebViewStore.swift */ = {isa = PBXFileReference; fileEncoding = 4; lastKnownFileType = sourcecode.swift; path = WebViewStore.swift; sourceTree = "<group>"; };
		3D5000CA25699A2F006272BC /* WebView.swift */ = {isa = PBXFileReference; fileEncoding = 4; lastKnownFileType = sourcecode.swift; path = WebView.swift; sourceTree = "<group>"; };
		3D5000CB25699A2F006272BC /* UIViewContainerView.swift */ = {isa = PBXFileReference; fileEncoding = 4; lastKnownFileType = sourcecode.swift; path = UIViewContainerView.swift; sourceTree = "<group>"; };
		3D5000CC25699A2F006272BC /* NSViewContainerView.swift */ = {isa = PBXFileReference; fileEncoding = 4; lastKnownFileType = sourcecode.swift; path = NSViewContainerView.swift; sourceTree = "<group>"; };
		3D908420256B4DB0008B6E24 /* GCDWebServer.xcodeproj */ = {isa = PBXFileReference; lastKnownFileType = "wrapper.pb-project"; name = GCDWebServer.xcodeproj; path = Hopscotch/GCDWebServer/GCDWebServer.xcodeproj; sourceTree = "<group>"; };
		3D908453256B4F1B008B6E24 /* Newspeak-Bridging-Header.h */ = {isa = PBXFileReference; fileEncoding = 4; lastKnownFileType = sourcecode.c.h; path = "Newspeak-Bridging-Header.h"; sourceTree = "<group>"; };
		E2834E21256DA4B1007855DC /* vm */ = {isa = PBXFileReference; lastKnownFileType = folder; name = vm; path = ../../../../vm; sourceTree = "<group>"; };
/* End PBXFileReference section */

/* Begin PBXFrameworksBuildPhase section */
		3D0EF49225698D12007B526E /* Frameworks */ = {
			isa = PBXFrameworksBuildPhase;
			buildActionMask = 2147483647;
			files = (
			);
			runOnlyForDeploymentPostprocessing = 0;
		};
		3D0EF49E25698ECC007B526E /* Frameworks */ = {
			isa = PBXFrameworksBuildPhase;
			buildActionMask = 2147483647;
			files = (
				3D0EF4B82569951F007B526E /* WebKit.framework in Frameworks */,
				3D3E0268256B5212003261B0 /* GCDWebServers.framework in Frameworks */,
			);
			runOnlyForDeploymentPostprocessing = 0;
		};
/* End PBXFrameworksBuildPhase section */

/* Begin PBXGroup section */
		3D0EF48B25698D12007B526E = {
			isa = PBXGroup;
			children = (
				3D0EF4A225698ECC007B526E /* Hopscotch */,
				3D0EF4B62569951F007B526E /* Frameworks */,
				3D0EF49525698D12007B526E /* Products */,
			);
			sourceTree = "<group>";
		};
		3D0EF49525698D12007B526E /* Products */ = {
			isa = PBXGroup;
			children = (
				3D0EF49425698D12007B526E /* libNewspeak.dylib */,
				3D0EF4A125698ECC007B526E /* Hopscotch.app */,
			);
			name = Products;
			sourceTree = "<group>";
		};
		3D0EF4A225698ECC007B526E /* Hopscotch */ = {
			isa = PBXGroup;
			children = (
				3D0EF4A325698ECC007B526E /* AppDelegate.swift */,
				3D0EF4A525698ECC007B526E /* ContentView.swift */,
				3D908453256B4F1B008B6E24 /* Newspeak-Bridging-Header.h */,
				3D5000C825699A2F006272BC /* WebView */,
				3D5000C3256999E3006272BC /* Resources */,
			);
			path = Hopscotch;
			sourceTree = "<group>";
		};
		3D0EF4B62569951F007B526E /* Frameworks */ = {
			isa = PBXGroup;
			children = (
				3D908420256B4DB0008B6E24 /* GCDWebServer.xcodeproj */,
				3D0EF4B72569951F007B526E /* WebKit.framework */,
			);
			name = Frameworks;
			sourceTree = "<group>";
		};
		3D5000C3256999E3006272BC /* Resources */ = {
			isa = PBXGroup;
			children = (
				3D0EF4A725698ECE007B526E /* Assets.xcassets */,
				3D0EF4AC25698ECE007B526E /* Main.storyboard */,
				3D0EF4AF25698ECE007B526E /* Info.plist */,
				3D0EF4B025698ECE007B526E /* Hopscotch.entitlements */,
				E2834E21256DA4B1007855DC /* vm */,
			);
			name = Resources;
			sourceTree = "<group>";
		};
		3D5000C825699A2F006272BC /* WebView */ = {
			isa = PBXGroup;
			children = (
				3D5000CA25699A2F006272BC /* WebView.swift */,
				3D3E026D256C1D91003261B0 /* WebViewDownloadHelper.swift */,
				3D5000C925699A2F006272BC /* WebViewStore.swift */,
				3D5000CC25699A2F006272BC /* NSViewContainerView.swift */,
				3D5000CB25699A2F006272BC /* UIViewContainerView.swift */,
			);
			path = WebView;
			sourceTree = "<group>";
		};
		3D908421256B4DB0008B6E24 /* Products */ = {
			isa = PBXGroup;
			children = (
				3D90842C256B4DB0008B6E24 /* GCDWebServer */,
				3D90842E256B4DB0008B6E24 /* GCDWebServer.app */,
				3D908432256B4DB0008B6E24 /* GCDWebServers.framework */,
				3D908434256B4DB0008B6E24 /* GCDWebServers.framework */,
				3D908438256B4DB0008B6E24 /* Tests.xctest */,
			);
			name = Products;
			sourceTree = "<group>";
		};
/* End PBXGroup section */

/* Begin PBXHeadersBuildPhase section */
		3D0EF49025698D12007B526E /* Headers */ = {
			isa = PBXHeadersBuildPhase;
			buildActionMask = 2147483647;
			files = (
			);
			runOnlyForDeploymentPostprocessing = 0;
		};
/* End PBXHeadersBuildPhase section */

/* Begin PBXNativeTarget section */
		3D0EF49325698D12007B526E /* Newspeak */ = {
			isa = PBXNativeTarget;
			buildConfigurationList = 3D0EF49825698D12007B526E /* Build configuration list for PBXNativeTarget "Newspeak" */;
			buildPhases = (
				3D0EF49025698D12007B526E /* Headers */,
				3D0EF49125698D12007B526E /* Sources */,
				3D0EF49225698D12007B526E /* Frameworks */,
			);
			buildRules = (
			);
			dependencies = (
			);
			name = Newspeak;
			productName = Newspeak;
			productReference = 3D0EF49425698D12007B526E /* libNewspeak.dylib */;
			productType = "com.apple.product-type.library.dynamic";
		};
		3D0EF4A025698ECC007B526E /* Hopscotch */ = {
			isa = PBXNativeTarget;
			buildConfigurationList = 3D0EF4B325698ECE007B526E /* Build configuration list for PBXNativeTarget "Hopscotch" */;
			buildPhases = (
				3D0EF49D25698ECC007B526E /* Sources */,
				3D0EF49E25698ECC007B526E /* Frameworks */,
				3D0EF49F25698ECC007B526E /* Resources */,
				3D3E026A256B5212003261B0 /* Embed Frameworks */,
			);
			buildRules = (
			);
			dependencies = (
				3D90844E256B4E25008B6E24 /* PBXTargetDependency */,
			);
			name = Hopscotch;
			productName = Hopscotch;
			productReference = 3D0EF4A125698ECC007B526E /* Hopscotch.app */;
			productType = "com.apple.product-type.application";
		};
/* End PBXNativeTarget section */

/* Begin PBXProject section */
		3D0EF48C25698D12007B526E /* Project object */ = {
			isa = PBXProject;
			attributes = {
				LastSwiftUpdateCheck = 1210;
				LastUpgradeCheck = 1220;
				TargetAttributes = {
					3D0EF49325698D12007B526E = {
						CreatedOnToolsVersion = 12.1;
					};
					3D0EF4A025698ECC007B526E = {
						CreatedOnToolsVersion = 12.1;
					};
				};
			};
			buildConfigurationList = 3D0EF48F25698D12007B526E /* Build configuration list for PBXProject "Newspeak" */;
			compatibilityVersion = "Xcode 9.3";
			developmentRegion = en;
			hasScannedForEncodings = 0;
			knownRegions = (
				en,
				Base,
			);
			mainGroup = 3D0EF48B25698D12007B526E;
			productRefGroup = 3D0EF49525698D12007B526E /* Products */;
			projectDirPath = "";
			projectReferences = (
				{
					ProductGroup = 3D908421256B4DB0008B6E24 /* Products */;
					ProjectRef = 3D908420256B4DB0008B6E24 /* GCDWebServer.xcodeproj */;
				},
			);
			projectRoot = "";
			targets = (
				3D0EF49325698D12007B526E /* Newspeak */,
				3D0EF4A025698ECC007B526E /* Hopscotch */,
			);
		};
/* End PBXProject section */

/* Begin PBXReferenceProxy section */
		3D90842C256B4DB0008B6E24 /* GCDWebServer */ = {
			isa = PBXReferenceProxy;
			fileType = "compiled.mach-o.executable";
			path = GCDWebServer;
			remoteRef = 3D90842B256B4DB0008B6E24 /* PBXContainerItemProxy */;
			sourceTree = BUILT_PRODUCTS_DIR;
		};
		3D90842E256B4DB0008B6E24 /* GCDWebServer.app */ = {
			isa = PBXReferenceProxy;
			fileType = wrapper.application;
			path = GCDWebServer.app;
			remoteRef = 3D90842D256B4DB0008B6E24 /* PBXContainerItemProxy */;
			sourceTree = BUILT_PRODUCTS_DIR;
		};
		3D908432256B4DB0008B6E24 /* GCDWebServers.framework */ = {
			isa = PBXReferenceProxy;
			fileType = wrapper.framework;
			path = GCDWebServers.framework;
			remoteRef = 3D908431256B4DB0008B6E24 /* PBXContainerItemProxy */;
			sourceTree = BUILT_PRODUCTS_DIR;
		};
		3D908434256B4DB0008B6E24 /* GCDWebServers.framework */ = {
			isa = PBXReferenceProxy;
			fileType = wrapper.framework;
			path = GCDWebServers.framework;
			remoteRef = 3D908433256B4DB0008B6E24 /* PBXContainerItemProxy */;
			sourceTree = BUILT_PRODUCTS_DIR;
		};
		3D908438256B4DB0008B6E24 /* Tests.xctest */ = {
			isa = PBXReferenceProxy;
			fileType = wrapper.cfbundle;
			path = Tests.xctest;
			remoteRef = 3D908437256B4DB0008B6E24 /* PBXContainerItemProxy */;
			sourceTree = BUILT_PRODUCTS_DIR;
		};
/* End PBXReferenceProxy section */

/* Begin PBXResourcesBuildPhase section */
		3D0EF49F25698ECC007B526E /* Resources */ = {
			isa = PBXResourcesBuildPhase;
			buildActionMask = 2147483647;
			files = (
				3D5009AF2569C278006272BC /* Main.storyboard in Resources */,
				E2834E22256DA4B2007855DC /* vm in Resources */,
				3D5009B22569C27C006272BC /* Assets.xcassets in Resources */,
			);
			runOnlyForDeploymentPostprocessing = 0;
		};
/* End PBXResourcesBuildPhase section */

/* Begin PBXSourcesBuildPhase section */
		3D0EF49125698D12007B526E /* Sources */ = {
			isa = PBXSourcesBuildPhase;
			buildActionMask = 2147483647;
			files = (
			);
			runOnlyForDeploymentPostprocessing = 0;
		};
		3D0EF49D25698ECC007B526E /* Sources */ = {
			isa = PBXSourcesBuildPhase;
			buildActionMask = 2147483647;
			files = (
				3D5000CD25699A2F006272BC /* WebViewStore.swift in Sources */,
				3D5000CE25699A2F006272BC /* WebView.swift in Sources */,
				3D0EF4A625698ECC007B526E /* ContentView.swift in Sources */,
				3D0EF4A425698ECC007B526E /* AppDelegate.swift in Sources */,
				3D3E026E256C1D91003261B0 /* WebViewDownloadHelper.swift in Sources */,
				3D5000D025699A2F006272BC /* NSViewContainerView.swift in Sources */,
				3D5000CF25699A2F006272BC /* UIViewContainerView.swift in Sources */,
			);
			runOnlyForDeploymentPostprocessing = 0;
		};
/* End PBXSourcesBuildPhase section */

/* Begin PBXTargetDependency section */
		3D90844E256B4E25008B6E24 /* PBXTargetDependency */ = {
			isa = PBXTargetDependency;
			name = "GCDWebServers (Mac)";
			targetProxy = 3D90844D256B4E25008B6E24 /* PBXContainerItemProxy */;
		};
/* End PBXTargetDependency section */

/* Begin PBXVariantGroup section */
		3D0EF4AC25698ECE007B526E /* Main.storyboard */ = {
			isa = PBXVariantGroup;
			children = (
				3D0EF4AD25698ECE007B526E /* Base */,
			);
			name = Main.storyboard;
			sourceTree = "<group>";
		};
/* End PBXVariantGroup section */

/* Begin XCBuildConfiguration section */
		3D0EF49625698D12007B526E /* Debug */ = {
			isa = XCBuildConfiguration;
			buildSettings = {
				ALWAYS_SEARCH_USER_PATHS = NO;
				CLANG_ANALYZER_NONNULL = YES;
				CLANG_ANALYZER_NUMBER_OBJECT_CONVERSION = YES_AGGRESSIVE;
				CLANG_CXX_LANGUAGE_STANDARD = "gnu++14";
				CLANG_CXX_LIBRARY = "libc++";
				CLANG_ENABLE_MODULES = YES;
				CLANG_ENABLE_OBJC_ARC = YES;
				CLANG_ENABLE_OBJC_WEAK = YES;
				CLANG_WARN_BLOCK_CAPTURE_AUTORELEASING = YES;
				CLANG_WARN_BOOL_CONVERSION = YES;
				CLANG_WARN_COMMA = YES;
				CLANG_WARN_CONSTANT_CONVERSION = YES;
				CLANG_WARN_DEPRECATED_OBJC_IMPLEMENTATIONS = YES;
				CLANG_WARN_DIRECT_OBJC_ISA_USAGE = YES_ERROR;
				CLANG_WARN_DOCUMENTATION_COMMENTS = YES;
				CLANG_WARN_EMPTY_BODY = YES;
				CLANG_WARN_ENUM_CONVERSION = YES;
				CLANG_WARN_INFINITE_RECURSION = YES;
				CLANG_WARN_INT_CONVERSION = YES;
				CLANG_WARN_NON_LITERAL_NULL_CONVERSION = YES;
				CLANG_WARN_OBJC_IMPLICIT_RETAIN_SELF = YES;
				CLANG_WARN_OBJC_LITERAL_CONVERSION = YES;
				CLANG_WARN_OBJC_ROOT_CLASS = YES_ERROR;
				CLANG_WARN_QUOTED_INCLUDE_IN_FRAMEWORK_HEADER = YES;
				CLANG_WARN_RANGE_LOOP_ANALYSIS = YES;
				CLANG_WARN_STRICT_PROTOTYPES = YES;
				CLANG_WARN_SUSPICIOUS_MOVE = YES;
				CLANG_WARN_UNGUARDED_AVAILABILITY = YES_AGGRESSIVE;
				CLANG_WARN_UNREACHABLE_CODE = YES;
				CLANG_WARN__DUPLICATE_METHOD_MATCH = YES;
				COPY_PHASE_STRIP = NO;
				DEBUG_INFORMATION_FORMAT = dwarf;
				ENABLE_STRICT_OBJC_MSGSEND = YES;
				ENABLE_TESTABILITY = YES;
				GCC_C_LANGUAGE_STANDARD = gnu11;
				GCC_DYNAMIC_NO_PIC = NO;
				GCC_NO_COMMON_BLOCKS = YES;
				GCC_OPTIMIZATION_LEVEL = 0;
				GCC_PREPROCESSOR_DEFINITIONS = (
					"DEBUG=1",
					"$(inherited)",
				);
				GCC_WARN_64_TO_32_BIT_CONVERSION = YES;
				GCC_WARN_ABOUT_RETURN_TYPE = YES_ERROR;
				GCC_WARN_UNDECLARED_SELECTOR = YES;
				GCC_WARN_UNINITIALIZED_AUTOS = YES_AGGRESSIVE;
				GCC_WARN_UNUSED_FUNCTION = YES;
				GCC_WARN_UNUSED_VARIABLE = YES;
				MACOSX_DEPLOYMENT_TARGET = 10.15;
				MTL_ENABLE_DEBUG_INFO = INCLUDE_SOURCE;
				MTL_FAST_MATH = YES;
				ONLY_ACTIVE_ARCH = YES;
				SDKROOT = macosx;
			};
			name = Debug;
		};
		3D0EF49725698D12007B526E /* Release */ = {
			isa = XCBuildConfiguration;
			buildSettings = {
				ALWAYS_SEARCH_USER_PATHS = NO;
				CLANG_ANALYZER_NONNULL = YES;
				CLANG_ANALYZER_NUMBER_OBJECT_CONVERSION = YES_AGGRESSIVE;
				CLANG_CXX_LANGUAGE_STANDARD = "gnu++14";
				CLANG_CXX_LIBRARY = "libc++";
				CLANG_ENABLE_MODULES = YES;
				CLANG_ENABLE_OBJC_ARC = YES;
				CLANG_ENABLE_OBJC_WEAK = YES;
				CLANG_WARN_BLOCK_CAPTURE_AUTORELEASING = YES;
				CLANG_WARN_BOOL_CONVERSION = YES;
				CLANG_WARN_COMMA = YES;
				CLANG_WARN_CONSTANT_CONVERSION = YES;
				CLANG_WARN_DEPRECATED_OBJC_IMPLEMENTATIONS = YES;
				CLANG_WARN_DIRECT_OBJC_ISA_USAGE = YES_ERROR;
				CLANG_WARN_DOCUMENTATION_COMMENTS = YES;
				CLANG_WARN_EMPTY_BODY = YES;
				CLANG_WARN_ENUM_CONVERSION = YES;
				CLANG_WARN_INFINITE_RECURSION = YES;
				CLANG_WARN_INT_CONVERSION = YES;
				CLANG_WARN_NON_LITERAL_NULL_CONVERSION = YES;
				CLANG_WARN_OBJC_IMPLICIT_RETAIN_SELF = YES;
				CLANG_WARN_OBJC_LITERAL_CONVERSION = YES;
				CLANG_WARN_OBJC_ROOT_CLASS = YES_ERROR;
				CLANG_WARN_QUOTED_INCLUDE_IN_FRAMEWORK_HEADER = YES;
				CLANG_WARN_RANGE_LOOP_ANALYSIS = YES;
				CLANG_WARN_STRICT_PROTOTYPES = YES;
				CLANG_WARN_SUSPICIOUS_MOVE = YES;
				CLANG_WARN_UNGUARDED_AVAILABILITY = YES_AGGRESSIVE;
				CLANG_WARN_UNREACHABLE_CODE = YES;
				CLANG_WARN__DUPLICATE_METHOD_MATCH = YES;
				COPY_PHASE_STRIP = NO;
				DEBUG_INFORMATION_FORMAT = "dwarf-with-dsym";
				ENABLE_NS_ASSERTIONS = NO;
				ENABLE_STRICT_OBJC_MSGSEND = YES;
				GCC_C_LANGUAGE_STANDARD = gnu11;
				GCC_NO_COMMON_BLOCKS = YES;
				GCC_WARN_64_TO_32_BIT_CONVERSION = YES;
				GCC_WARN_ABOUT_RETURN_TYPE = YES_ERROR;
				GCC_WARN_UNDECLARED_SELECTOR = YES;
				GCC_WARN_UNINITIALIZED_AUTOS = YES_AGGRESSIVE;
				GCC_WARN_UNUSED_FUNCTION = YES;
				GCC_WARN_UNUSED_VARIABLE = YES;
				MACOSX_DEPLOYMENT_TARGET = 10.15;
				MTL_ENABLE_DEBUG_INFO = NO;
				MTL_FAST_MATH = YES;
				SDKROOT = macosx;
				SWIFT_COMPILATION_MODE = wholemodule;
			};
			name = Release;
		};
		3D0EF49925698D12007B526E /* Debug */ = {
			isa = XCBuildConfiguration;
			buildSettings = {
				CODE_SIGN_STYLE = Automatic;
				DEVELOPMENT_TEAM = RRS55ZY6E5;
				DYLIB_COMPATIBILITY_VERSION = 1;
				DYLIB_CURRENT_VERSION = 1;
				EXECUTABLE_PREFIX = lib;
				PRODUCT_NAME = "$(TARGET_NAME)";
				SKIP_INSTALL = YES;
			};
			name = Debug;
		};
		3D0EF49A25698D12007B526E /* Release */ = {
			isa = XCBuildConfiguration;
			buildSettings = {
				CODE_SIGN_STYLE = Automatic;
				DEVELOPMENT_TEAM = RRS55ZY6E5;
				DYLIB_COMPATIBILITY_VERSION = 1;
				DYLIB_CURRENT_VERSION = 1;
				EXECUTABLE_PREFIX = lib;
				PRODUCT_NAME = "$(TARGET_NAME)";
				SKIP_INSTALL = YES;
			};
			name = Release;
		};
		3D0EF4B125698ECE007B526E /* Debug */ = {
			isa = XCBuildConfiguration;
			buildSettings = {
				ASSETCATALOG_COMPILER_APPICON_NAME = AppIcon;
				ASSETCATALOG_COMPILER_GLOBAL_ACCENT_COLOR_NAME = AccentColor;
				CODE_SIGN_ENTITLEMENTS = Hopscotch/Hopscotch.entitlements;
				CODE_SIGN_IDENTITY = "-";
				CODE_SIGN_STYLE = Automatic;
				COMBINE_HIDPI_IMAGES = YES;
				CURRENT_PROJECT_VERSION = 3;
				DEVELOPMENT_TEAM = RRS55ZY6E5;
				ENABLE_HARDENED_RUNTIME = YES;
				ENABLE_PREVIEWS = YES;
				FRAMEWORK_SEARCH_PATHS = "$(inherited)";
				GCC_WARN_64_TO_32_BIT_CONVERSION = NO;
				HEADER_SEARCH_PATHS = "\"$(SRCROOT)/Hopscotch/GCDWebServer\"/**";
				INFOPLIST_FILE = Hopscotch/Info.plist;
				LD_RUNPATH_SEARCH_PATHS = (
					"$(inherited)",
					"@executable_path/../Frameworks",
				);
				MACOSX_DEPLOYMENT_TARGET = 10.15;
				MARKETING_VERSION = 1.0.0;
				PRODUCT_BUNDLE_IDENTIFIER = org.newspeaklanguage.Hopscotch;
				PRODUCT_NAME = "$(TARGET_NAME)";
				SWIFT_ACTIVE_COMPILATION_CONDITIONS = DEBUG;
				SWIFT_OBJC_BRIDGING_HEADER = "Hopscotch/Newspeak-Bridging-Header.h";
				SWIFT_OPTIMIZATION_LEVEL = "-Onone";
				SWIFT_VERSION = 5.0;
			};
			name = Debug;
		};
		3D0EF4B225698ECE007B526E /* Release */ = {
			isa = XCBuildConfiguration;
			buildSettings = {
				ASSETCATALOG_COMPILER_APPICON_NAME = AppIcon;
				ASSETCATALOG_COMPILER_GLOBAL_ACCENT_COLOR_NAME = AccentColor;
				CODE_SIGN_ENTITLEMENTS = Hopscotch/Hopscotch.entitlements;
				CODE_SIGN_IDENTITY = "-";
				CODE_SIGN_STYLE = Automatic;
				COMBINE_HIDPI_IMAGES = YES;
				CURRENT_PROJECT_VERSION = 3;
				DEVELOPMENT_TEAM = RRS55ZY6E5;
				ENABLE_HARDENED_RUNTIME = YES;
				ENABLE_PREVIEWS = YES;
				FRAMEWORK_SEARCH_PATHS = "$(inherited)";
				GCC_WARN_64_TO_32_BIT_CONVERSION = NO;
				HEADER_SEARCH_PATHS = "\"$(SRCROOT)/Hopscotch/GCDWebServer\"/**";
				INFOPLIST_FILE = Hopscotch/Info.plist;
				LD_RUNPATH_SEARCH_PATHS = (
					"$(inherited)",
					"@executable_path/../Frameworks",
				);
				MACOSX_DEPLOYMENT_TARGET = 10.15;
				MARKETING_VERSION = 1.0.0;
				PRODUCT_BUNDLE_IDENTIFIER = org.newspeaklanguage.Hopscotch;
				PRODUCT_NAME = "$(TARGET_NAME)";
				SWIFT_COMPILATION_MODE = wholemodule;
				SWIFT_OBJC_BRIDGING_HEADER = "Hopscotch/Newspeak-Bridging-Header.h";
				SWIFT_OPTIMIZATION_LEVEL = "-O";
				SWIFT_VERSION = 5.0;
			};
			name = Release;
		};
/* End XCBuildConfiguration section */

/* Begin XCConfigurationList section */
		3D0EF48F25698D12007B526E /* Build configuration list for PBXProject "Newspeak" */ = {
			isa = XCConfigurationList;
			buildConfigurations = (
				3D0EF49625698D12007B526E /* Debug */,
				3D0EF49725698D12007B526E /* Release */,
			);
			defaultConfigurationIsVisible = 0;
			defaultConfigurationName = Release;
		};
		3D0EF49825698D12007B526E /* Build configuration list for PBXNativeTarget "Newspeak" */ = {
			isa = XCConfigurationList;
			buildConfigurations = (
				3D0EF49925698D12007B526E /* Debug */,
				3D0EF49A25698D12007B526E /* Release */,
			);
			defaultConfigurationIsVisible = 0;
			defaultConfigurationName = Release;
		};
		3D0EF4B325698ECE007B526E /* Build configuration list for PBXNativeTarget "Hopscotch" */ = {
			isa = XCConfigurationList;
			buildConfigurations = (
				3D0EF4B125698ECE007B526E /* Debug */,
				3D0EF4B225698ECE007B526E /* Release */,
			);
			defaultConfigurationIsVisible = 0;
			defaultConfigurationName = Release;
		};
/* End XCConfigurationList section */
	};
	rootObject = 3D0EF48C25698D12007B526E /* Project object */;
}
